
Microsoft Visual Studio Solution File, Format Version 12.00
# Visual Studio Version 17
VisualStudioVersion = 17.9.34407.89
MinimumVisualStudioVersion = 10.0.40219.1
Project("{FAE04EC0-301F-11D3-BF4B-00C04F79EFBC}") = "UserManagmentWithIdentityApp", "UserManagmentWithIdentityApp\UserManagmentWithIdentityApp.csproj", "{F1492F4C-A5A5-4D05-AD36-38CFDEB5C5C7}"
EndProject
Global
	GlobalSection(SolutionConfigurationPlatforms) = preSolution
		Debug|Any CPU = Debug|Any CPU
		Release|Any CPU = Release|Any CPU
	EndGlobalSection
	GlobalSection(ProjectConfigurationPlatforms) = postSolution
		{F1492F4C-A5A5-4D05-AD36-38CFDEB5C5C7}.Debug|Any CPU.ActiveCfg = Debug|Any CPU
		{F1492F4C-A5A5-4D05-AD36-38CFDEB5C5C7}.Debug|Any CPU.Build.0 = Debug|Any CPU
		{F1492F4C-A5A5-4D05-AD36-38CFDEB5C5C7}.Release|Any CPU.ActiveCfg = Release|Any CPU
		{F1492F4C-A5A5-4D05-AD36-38CFDEB5C5C7}.Release|Any CPU.Build.0 = Release|Any CPU
	EndGlobalSection
	GlobalSection(SolutionProperties) = preSolution
		HideSolutionNode = FALSE
	EndGlobalSection
	GlobalSection(ExtensibilityGlobals) = postSolution
		SolutionGuid = {576B380D-CC6B-4D77-9FAE-BCCFA6B3599C}
	EndGlobalSection
EndGlobal
